// !$*UTF8*$!
{
	archiveVersion = 1;
	classes = {
	};
	objectVersion = 51;
	objects = {

/* Begin PBXBuildFile section */
		8432E019243A0BC300EF2031 /* AppDelegate.swift in Sources */ = {isa = PBXBuildFile; fileRef = 8432E018243A0BC300EF2031 /* AppDelegate.swift */; };
		8432E01B243A0BC300EF2031 /* SceneDelegate.swift in Sources */ = {isa = PBXBuildFile; fileRef = 8432E01A243A0BC300EF2031 /* SceneDelegate.swift */; };
		8432E01D243A0BC300EF2031 /* ViewController.swift in Sources */ = {isa = PBXBuildFile; fileRef = 8432E01C243A0BC300EF2031 /* ViewController.swift */; };
		8432E020243A0BC300EF2031 /* Main.storyboard in Resources */ = {isa = PBXBuildFile; fileRef = 8432E01E243A0BC300EF2031 /* Main.storyboard */; };
		8432E022243A0BC800EF2031 /* Assets.xcassets in Resources */ = {isa = PBXBuildFile; fileRef = 8432E021243A0BC800EF2031 /* Assets.xcassets */; };
		8432E025243A0BC800EF2031 /* LaunchScreen.storyboard in Resources */ = {isa = PBXBuildFile; fileRef = 8432E023243A0BC800EF2031 /* LaunchScreen.storyboard */; };
		8432E02D243A1D5A00EF2031 /* APIManager.swift in Sources */ = {isa = PBXBuildFile; fileRef = 8432E02C243A1D5A00EF2031 /* APIManager.swift */; };
		8432E02F243A20BD00EF2031 /* RxHandyJSON.swift in Sources */ = {isa = PBXBuildFile; fileRef = 8432E02E243A20BD00EF2031 /* RxHandyJSON.swift */; };
		8432E031243A3A1400EF2031 /* DataModel.swift in Sources */ = {isa = PBXBuildFile; fileRef = 8432E030243A3A1400EF2031 /* DataModel.swift */; };
		D3F312FDC01C87A981625119 /* Pods_RxAlaMoyaHandyJsonProject.framework in Frameworks */ = {isa = PBXBuildFile; fileRef = 912178AAFFC741BFEC789F38 /* Pods_RxAlaMoyaHandyJsonProject.framework */; };
/* End PBXBuildFile section */

/* Begin PBXFileReference section */
		6F32F7B2B7F6C91CE346B11F /* Pods-RxAlaMoyaHandyJsonProject.release.xcconfig */ = {isa = PBXFileReference; includeInIndex = 1; lastKnownFileType = text.xcconfig; name = "Pods-RxAlaMoyaHandyJsonProject.release.xcconfig"; path = "Target Support Files/Pods-RxAlaMoyaHandyJsonProject/Pods-RxAlaMoyaHandyJsonProject.release.xcconfig"; sourceTree = "<group>"; };
		8432E015243A0BC300EF2031 /* RxAlaMoyaHandyJsonProject.app */ = {isa = PBXFileReference; explicitFileType = wrapper.application; includeInIndex = 0; path = RxAlaMoyaHandyJsonProject.app; sourceTree = BUILT_PRODUCTS_DIR; };
		8432E018243A0BC300EF2031 /* AppDelegate.swift */ = {isa = PBXFileReference; lastKnownFileType = sourcecode.swift; path = AppDelegate.swift; sourceTree = "<group>"; };
		8432E01A243A0BC300EF2031 /* SceneDelegate.swift */ = {isa = PBXFileReference; lastKnownFileType = sourcecode.swift; path = SceneDelegate.swift; sourceTree = "<group>"; };
		8432E01C243A0BC300EF2031 /* ViewController.swift */ = {isa = PBXFileReference; lastKnownFileType = sourcecode.swift; path = ViewController.swift; sourceTree = "<group>"; };
		8432E01F243A0BC300EF2031 /* Base */ = {isa = PBXFileReference; lastKnownFileType = file.storyboard; name = Base; path = Base.lproj/Main.storyboard; sourceTree = "<group>"; };
		8432E021243A0BC800EF2031 /* Assets.xcassets */ = {isa = PBXFileReference; lastKnownFileType = folder.assetcatalog; path = Assets.xcassets; sourceTree = "<group>"; };
		8432E024243A0BC800EF2031 /* Base */ = {isa = PBXFileReference; lastKnownFileType = file.storyboard; name = Base; path = Base.lproj/LaunchScreen.storyboard; sourceTree = "<group>"; };
		8432E026243A0BC800EF2031 /* Info.plist */ = {isa = PBXFileReference; lastKnownFileType = text.plist.xml; path = Info.plist; sourceTree = "<group>"; };
		8432E02C243A1D5A00EF2031 /* APIManager.swift */ = {isa = PBXFileReference; lastKnownFileType = sourcecode.swift; path = APIManager.swift; sourceTree = "<group>"; };
		8432E02E243A20BD00EF2031 /* RxHandyJSON.swift */ = {isa = PBXFileReference; lastKnownFileType = sourcecode.swift; path = RxHandyJSON.swift; sourceTree = "<group>"; };
		8432E030243A3A1400EF2031 /* DataModel.swift */ = {isa = PBXFileReference; lastKnownFileType = sourcecode.swift; path = DataModel.swift; sourceTree = "<group>"; };
		912178AAFFC741BFEC789F38 /* Pods_RxAlaMoyaHandyJsonProject.framework */ = {isa = PBXFileReference; explicitFileType = wrapper.framework; includeInIndex = 0; path = Pods_RxAlaMoyaHandyJsonProject.framework; sourceTree = BUILT_PRODUCTS_DIR; };
		A16C7F4037E13DEE6878E96B /* Pods-RxAlaMoyaHandyJsonProject.debug.xcconfig */ = {isa = PBXFileReference; includeInIndex = 1; lastKnownFileType = text.xcconfig; name = "Pods-RxAlaMoyaHandyJsonProject.debug.xcconfig"; path = "Target Support Files/Pods-RxAlaMoyaHandyJsonProject/Pods-RxAlaMoyaHandyJsonProject.debug.xcconfig"; sourceTree = "<group>"; };
/* End PBXFileReference section */

/* Begin PBXFrameworksBuildPhase section */
		8432E012243A0BC300EF2031 /* Frameworks */ = {
			isa = PBXFrameworksBuildPhase;
			buildActionMask = 2147483647;
			files = (
				D3F312FDC01C87A981625119 /* Pods_RxAlaMoyaHandyJsonProject.framework in Frameworks */,
			);
			runOnlyForDeploymentPostprocessing = 0;
		};
/* End PBXFrameworksBuildPhase section */

/* Begin PBXGroup section */
		0D9A74028E3B5CB872580D1D /* Pods */ = {
			isa = PBXGroup;
			children = (
				A16C7F4037E13DEE6878E96B /* Pods-RxAlaMoyaHandyJsonProject.debug.xcconfig */,
				6F32F7B2B7F6C91CE346B11F /* Pods-RxAlaMoyaHandyJsonProject.release.xcconfig */,
			);
			path = Pods;
			sourceTree = "<group>";
		};
		422A87BD6256209D0D55E439 /* Frameworks */ = {
			isa = PBXGroup;
			children = (
				912178AAFFC741BFEC789F38 /* Pods_RxAlaMoyaHandyJsonProject.framework */,
			);
			name = Frameworks;
			sourceTree = "<group>";
		};
		8432E00C243A0BC300EF2031 = {
			isa = PBXGroup;
			children = (
				8432E017243A0BC300EF2031 /* RxAlaMoyaHandyJsonProject */,
				8432E016243A0BC300EF2031 /* Products */,
				0D9A74028E3B5CB872580D1D /* Pods */,
				422A87BD6256209D0D55E439 /* Frameworks */,
			);
			sourceTree = "<group>";
		};
		8432E016243A0BC300EF2031 /* Products */ = {
			isa = PBXGroup;
			children = (
				8432E015243A0BC300EF2031 /* RxAlaMoyaHandyJsonProject.app */,
			);
			name = Products;
			sourceTree = "<group>";
		};
		8432E017243A0BC300EF2031 /* RxAlaMoyaHandyJsonProject */ = {
			isa = PBXGroup;
			children = (
				8432E018243A0BC300EF2031 /* AppDelegate.swift */,
				8432E01A243A0BC300EF2031 /* SceneDelegate.swift */,
				8432E02C243A1D5A00EF2031 /* APIManager.swift */,
				8432E02E243A20BD00EF2031 /* RxHandyJSON.swift */,
				8432E030243A3A1400EF2031 /* DataModel.swift */,
				8432E01C243A0BC300EF2031 /* ViewController.swift */,
				8432E01E243A0BC300EF2031 /* Main.storyboard */,
				8432E021243A0BC800EF2031 /* Assets.xcassets */,
				8432E023243A0BC800EF2031 /* LaunchScreen.storyboard */,
				8432E026243A0BC800EF2031 /* Info.plist */,
			);
			path = RxAlaMoyaHandyJsonProject;
			sourceTree = "<group>";
		};
/* End PBXGroup section */

/* Begin PBXNativeTarget section */
		8432E014243A0BC300EF2031 /* RxAlaMoyaHandyJsonProject */ = {
			isa = PBXNativeTarget;
			buildConfigurationList = 8432E029243A0BC800EF2031 /* Build configuration list for PBXNativeTarget "RxAlaMoyaHandyJsonProject" */;
			buildPhases = (
				55EAA7D9BE8B1F888DFAC5A2 /* [CP] Check Pods Manifest.lock */,
				8432E011243A0BC300EF2031 /* Sources */,
				8432E012243A0BC300EF2031 /* Frameworks */,
				8432E013243A0BC300EF2031 /* Resources */,
				A29705D083194A2585CDF0FC /* [CP] Embed Pods Frameworks */,
			);
			buildRules = (
			);
			dependencies = (
			);
			name = RxAlaMoyaHandyJsonProject;
			productName = RxAlaMoyaHandyJsonProject;
			productReference = 8432E015243A0BC300EF2031 /* RxAlaMoyaHandyJsonProject.app */;
			productType = "com.apple.product-type.application";
		};
/* End PBXNativeTarget section */

/* Begin PBXProject section */
		8432E00D243A0BC300EF2031 /* Project object */ = {
			isa = PBXProject;
			attributes = {
				LastSwiftUpdateCheck = 1130;
				LastUpgradeCheck = 1130;
				ORGANIZATIONNAME = "刘隆昌";
				TargetAttributes = {
					8432E014243A0BC300EF2031 = {
						CreatedOnToolsVersion = 11.3.1;
					};
				};
			};
			buildConfigurationList = 8432E010243A0BC300EF2031 /* Build configuration list for PBXProject "RxAlaMoyaHandyJsonProject" */;
			compatibilityVersion = "Xcode 9.3";
			developmentRegion = en;
			hasScannedForEncodings = 0;
			knownRegions = (
				en,
				Base,
			);
			mainGroup = 8432E00C243A0BC300EF2031;
			productRefGroup = 8432E016243A0BC300EF2031 /* Products */;
			projectDirPath = "";
			projectRoot = "";
			targets = (
				8432E014243A0BC300EF2031 /* RxAlaMoyaHandyJsonProject */,
			);
		};
/* End PBXProject section */

/* Begin PBXResourcesBuildPhase section */
		8432E013243A0BC300EF2031 /* Resources */ = {
			isa = PBXResourcesBuildPhase;
			buildActionMask = 2147483647;
			files = (
				8432E025243A0BC800EF2031 /* LaunchScreen.storyboard in Resources */,
				8432E022243A0BC800EF2031 /* Assets.xcassets in Resources */,
				8432E020243A0BC300EF2031 /* Main.storyboard in Resources */,
			);
			runOnlyForDeploymentPostprocessing = 0;
		};
/* End PBXResourcesBuildPhase section */

/* Begin PBXShellScriptBuildPhase section */
		55EAA7D9BE8B1F888DFAC5A2 /* [CP] Check Pods Manifest.lock */ = {
			isa = PBXShellScriptBuildPhase;
			buildActionMask = 2147483647;
			files = (
			);
			inputFileListPaths = (
			);
			inputPaths = (
				"${PODS_PODFILE_DIR_PATH}/Podfile.lock",
				"${PODS_ROOT}/Manifest.lock",
			);
			name = "[CP] Check Pods Manifest.lock";
			outputFileListPaths = (
			);
			outputPaths = (
				"$(DERIVED_FILE_DIR)/Pods-RxAlaMoyaHandyJsonProject-checkManifestLockResult.txt",
			);
			runOnlyForDeploymentPostprocessing = 0;
			shellPath = /bin/sh;
			shellScript = "diff \"${PODS_PODFILE_DIR_PATH}/Podfile.lock\" \"${PODS_ROOT}/Manifest.lock\" > /dev/null\nif [ $? != 0 ] ; then\n    # print error to STDERR\n    echo \"error: The sandbox is not in sync with the Podfile.lock. Run 'pod install' or update your CocoaPods installation.\" >&2\n    exit 1\nfi\n# This output is used by Xcode 'outputs' to avoid re-running this script phase.\necho \"SUCCESS\" > \"${SCRIPT_OUTPUT_FILE_0}\"\n";
			showEnvVarsInLog = 0;
		};
		A29705D083194A2585CDF0FC /* [CP] Embed Pods Frameworks */ = {
			isa = PBXShellScriptBuildPhase;
			buildActionMask = 2147483647;
			files = (
			);
			inputFileListPaths = (
				"${PODS_ROOT}/Target Support Files/Pods-RxAlaMoyaHandyJsonProject/Pods-RxAlaMoyaHandyJsonProject-frameworks-${CONFIGURATION}-input-files.xcfilelist",
			);
			name = "[CP] Embed Pods Frameworks";
			outputFileListPaths = (
				"${PODS_ROOT}/Target Support Files/Pods-RxAlaMoyaHandyJsonProject/Pods-RxAlaMoyaHandyJsonProject-frameworks-${CONFIGURATION}-output-files.xcfilelist",
			);
			runOnlyForDeploymentPostprocessing = 0;
			shellPath = /bin/sh;
			shellScript = "\"${PODS_ROOT}/Target Support Files/Pods-RxAlaMoyaHandyJsonProject/Pods-RxAlaMoyaHandyJsonProject-frameworks.sh\"\n";
			showEnvVarsInLog = 0;
		};
/* End PBXShellScriptBuildPhase section */

/* Begin PBXSourcesBuildPhase section */
		8432E011243A0BC300EF2031 /* Sources */ = {
			isa = PBXSourcesBuildPhase;
			buildActionMask = 2147483647;
			files = (
				8432E02D243A1D5A00EF2031 /* APIManager.swift in Sources */,
				8432E01D243A0BC300EF2031 /* ViewController.swift in Sources */,
				8432E019243A0BC300EF2031 /* AppDelegate.swift in Sources */,
				8432E02F243A20BD00EF2031 /* RxHandyJSON.swift in Sources */,
				8432E01B243A0BC300EF2031 /* SceneDelegate.swift in Sources */,
				8432E031243A3A1400EF2031 /* DataModel.swift in Sources */,
			);
			runOnlyForDeploymentPostprocessing = 0;
		};
/* End PBXSourcesBuildPhase section */

/* Begin PBXVariantGroup section */
		8432E01E243A0BC300EF2031 /* Main.storyboard */ = {
			isa = PBXVariantGroup;
			children = (
				8432E01F243A0BC300EF2031 /* Base */,
			);
			name = Main.storyboard;
			sourceTree = "<group>";
		};
		8432E023243A0BC800EF2031 /* LaunchScreen.storyboard */ = {
			isa = PBXVariantGroup;
			children = (
				8432E024243A0BC800EF2031 /* Base */,
			);
			name = LaunchScreen.storyboard;
			sourceTree = "<group>";
		};
/* End PBXVariantGroup section */

/* Begin XCBuildConfiguration section */
		8432E027243A0BC800EF2031 /* Debug */ = {
			isa = XCBuildConfiguration;
			buildSettings = {
				ALWAYS_SEARCH_USER_PATHS = NO;
				CLANG_ANALYZER_NONNULL = YES;
				CLANG_ANALYZER_NUMBER_OBJECT_CONVERSION = YES_AGGRESSIVE;
				CLANG_CXX_LANGUAGE_STANDARD = "gnu++14";
				CLANG_CXX_LIBRARY = "libc++";
				CLANG_ENABLE_MODULES = YES;
				CLANG_ENABLE_OBJC_ARC = YES;
				CLANG_ENABLE_OBJC_WEAK = YES;
				CLANG_WARN_BLOCK_CAPTURE_AUTORELEASING = YES;
				CLANG_WARN_BOOL_CONVERSION = YES;
				CLANG_WARN_COMMA = YES;
				CLANG_WARN_CONSTANT_CONVERSION = YES;
				CLANG_WARN_DEPRECATED_OBJC_IMPLEMENTATIONS = YES;
				CLANG_WARN_DIRECT_OBJC_ISA_USAGE = YES_ERROR;
				CLANG_WARN_DOCUMENTATION_COMMENTS = YES;
				CLANG_WARN_EMPTY_BODY = YES;
				CLANG_WARN_ENUM_CONVERSION = YES;
				CLANG_WARN_INFINITE_RECURSION = YES;
				CLANG_WARN_INT_CONVERSION = YES;
				CLANG_WARN_NON_LITERAL_NULL_CONVERSION = YES;
				CLANG_WARN_OBJC_IMPLICIT_RETAIN_SELF = YES;
				CLANG_WARN_OBJC_LITERAL_CONVERSION = YES;
				CLANG_WARN_OBJC_ROOT_CLASS = YES_ERROR;
				CLANG_WARN_RANGE_LOOP_ANALYSIS = YES;
				CLANG_WARN_STRICT_PROTOTYPES = YES;
				CLANG_WARN_SUSPICIOUS_MOVE = YES;
				CLANG_WARN_UNGUARDED_AVAILABILITY = YES_AGGRESSIVE;
				CLANG_WARN_UNREACHABLE_CODE = YES;
				CLANG_WARN__DUPLICATE_METHOD_MATCH = YES;
				COPY_PHASE_STRIP = NO;
				DEBUG_INFORMATION_FORMAT = dwarf;
				ENABLE_STRICT_OBJC_MSGSEND = YES;
				ENABLE_TESTABILITY = YES;
				GCC_C_LANGUAGE_STANDARD = gnu11;
				GCC_DYNAMIC_NO_PIC = NO;
				GCC_NO_COMMON_BLOCKS = YES;
				GCC_OPTIMIZATION_LEVEL = 0;
				GCC_PREPROCESSOR_DEFINITIONS = (
					"DEBUG=1",
					"$(inherited)",
				);
				GCC_WARN_64_TO_32_BIT_CONVERSION = YES;
				GCC_WARN_ABOUT_RETURN_TYPE = YES_ERROR;
				GCC_WARN_UNDECLARED_SELECTOR = YES;
				GCC_WARN_UNINITIALIZED_AUTOS = YES_AGGRESSIVE;
				GCC_WARN_UNUSED_FUNCTION = YES;
				GCC_WARN_UNUSED_VARIABLE = YES;
				IPHONEOS_DEPLOYMENT_TARGET = 13.2;
				MTL_ENABLE_DEBUG_INFO = INCLUDE_SOURCE;
				MTL_FAST_MATH = YES;
				ONLY_ACTIVE_ARCH = YES;
				SDKROOT = iphoneos;
				SWIFT_ACTIVE_COMPILATION_CONDITIONS = DEBUG;
				SWIFT_OPTIMIZATION_LEVEL = "-Onone";
			};
			name = Debug;
		};
		8432E028243A0BC800EF2031 /* Release */ = {
			isa = XCBuildConfiguration;
			buildSettings = {
				ALWAYS_SEARCH_USER_PATHS = NO;
				CLANG_ANALYZER_NONNULL = YES;
				CLANG_ANALYZER_NUMBER_OBJECT_CONVERSION = YES_AGGRESSIVE;
				CLANG_CXX_LANGUAGE_STANDARD = "gnu++14";
				CLANG_CXX_LIBRARY = "libc++";
				CLANG_ENABLE_MODULES = YES;
				CLANG_ENABLE_OBJC_ARC = YES;
				CLANG_ENABLE_OBJC_WEAK = YES;
				CLANG_WARN_BLOCK_CAPTURE_AUTORELEASING = YES;
				CLANG_WARN_BOOL_CONVERSION = YES;
				CLANG_WARN_COMMA = YES;
				CLANG_WARN_CONSTANT_CONVERSION = YES;
				CLANG_WARN_DEPRECATED_OBJC_IMPLEMENTATIONS = YES;
				CLANG_WARN_DIRECT_OBJC_ISA_USAGE = YES_ERROR;
				CLANG_WARN_DOCUMENTATION_COMMENTS = YES;
				CLANG_WARN_EMPTY_BODY = YES;
				CLANG_WARN_ENUM_CONVERSION = YES;
				CLANG_WARN_INFINITE_RECURSION = YES;
				CLANG_WARN_INT_CONVERSION = YES;
				CLANG_WARN_NON_LITERAL_NULL_CONVERSION = YES;
				CLANG_WARN_OBJC_IMPLICIT_RETAIN_SELF = YES;
				CLANG_WARN_OBJC_LITERAL_CONVERSION = YES;
				CLANG_WARN_OBJC_ROOT_CLASS = YES_ERROR;
				CLANG_WARN_RANGE_LOOP_ANALYSIS = YES;
				CLANG_WARN_STRICT_PROTOTYPES = YES;
				CLANG_WARN_SUSPICIOUS_MOVE = YES;
				CLANG_WARN_UNGUARDED_AVAILABILITY = YES_AGGRESSIVE;
				CLANG_WARN_UNREACHABLE_CODE = YES;
				CLANG_WARN__DUPLICATE_METHOD_MATCH = YES;
				COPY_PHASE_STRIP = NO;
				DEBUG_INFORMATION_FORMAT = "dwarf-with-dsym";
				ENABLE_NS_ASSERTIONS = NO;
				ENABLE_STRICT_OBJC_MSGSEND = YES;
				GCC_C_LANGUAGE_STANDARD = gnu11;
				GCC_NO_COMMON_BLOCKS = YES;
				GCC_WARN_64_TO_32_BIT_CONVERSION = YES;
				GCC_WARN_ABOUT_RETURN_TYPE = YES_ERROR;
				GCC_WARN_UNDECLARED_SELECTOR = YES;
				GCC_WARN_UNINITIALIZED_AUTOS = YES_AGGRESSIVE;
				GCC_WARN_UNUSED_FUNCTION = YES;
				GCC_WARN_UNUSED_VARIABLE = YES;
				IPHONEOS_DEPLOYMENT_TARGET = 13.2;
				MTL_ENABLE_DEBUG_INFO = NO;
				MTL_FAST_MATH = YES;
				SDKROOT = iphoneos;
				SWIFT_COMPILATION_MODE = wholemodule;
				SWIFT_OPTIMIZATION_LEVEL = "-O";
				VALIDATE_PRODUCT = YES;
			};
			name = Release;
		};
		8432E02A243A0BC800EF2031 /* Debug */ = {
			isa = XCBuildConfiguration;
			baseConfigurationReference = A16C7F4037E13DEE6878E96B /* Pods-RxAlaMoyaHandyJsonProject.debug.xcconfig */;
			buildSettings = {
				ASSETCATALOG_COMPILER_APPICON_NAME = AppIcon;
				CODE_SIGN_STYLE = Automatic;
				INFOPLIST_FILE = RxAlaMoyaHandyJsonProject/Info.plist;
				LD_RUNPATH_SEARCH_PATHS = (
					"$(inherited)",
					"@executable_path/Frameworks",
				);
				PRODUCT_BUNDLE_IDENTIFIER = Yijiaoxing.RxAlaMoyaHandyJsonProject;
				PRODUCT_NAME = "$(TARGET_NAME)";
				SWIFT_VERSION = 5.0;
				TARGETED_DEVICE_FAMILY = "1,2";
			};
			name = Debug;
		};
		8432E02B243A0BC800EF2031 /* Release */ = {
			isa = XCBuildConfiguration;
			baseConfigurationReference = 6F32F7B2B7F6C91CE346B11F /* Pods-RxAlaMoyaHandyJsonProject.release.xcconfig */;
			buildSettings = {
				ASSETCATALOG_COMPILER_APPICON_NAME = AppIcon;
				CODE_SIGN_STYLE = Automatic;
				INFOPLIST_FILE = RxAlaMoyaHandyJsonProject/Info.plist;
				LD_RUNPATH_SEARCH_PATHS = (
					"$(inherited)",
					"@executable_path/Frameworks",
				);
				PRODUCT_BUNDLE_IDENTIFIER = Yijiaoxing.RxAlaMoyaHandyJsonProject;
				PRODUCT_NAME = "$(TARGET_NAME)";
				SWIFT_VERSION = 5.0;
				TARGETED_DEVICE_FAMILY = "1,2";
			};
			name = Release;
		};
/* End XCBuildConfiguration section */

/* Begin XCConfigurationList section */
		8432E010243A0BC300EF2031 /* Build configuration list for PBXProject "RxAlaMoyaHandyJsonProject" */ = {
			isa = XCConfigurationList;
			buildConfigurations = (
				8432E027243A0BC800EF2031 /* Debug */,
				8432E028243A0BC800EF2031 /* Release */,
			);
			defaultConfigurationIsVisible = 0;
			defaultConfigurationName = Release;
		};
		8432E029243A0BC800EF2031 /* Build configuration list for PBXNativeTarget "RxAlaMoyaHandyJsonProject" */ = {
			isa = XCConfigurationList;
			buildConfigurations = (
				8432E02A243A0BC800EF2031 /* Debug */,
				8432E02B243A0BC800EF2031 /* Release */,
			);
			defaultConfigurationIsVisible = 0;
			defaultConfigurationName = Release;
		};
/* End XCConfigurationList section */
	};
	rootObject = 8432E00D243A0BC300EF2031 /* Project object */;
}
